
Microsoft Visual Studio Solution File, Format Version 12.00
# Visual Studio Version 17
VisualStudioVersion = 17.0.31903.59
MinimumVisualStudioVersion = 10.0.40219.1
Project("{FAE04EC0-301F-11D3-BF4B-00C04F79EFBC}") = "Day14", "Day14\Day14.csproj", "{92A3A8F7-26CA-413F-BC2E-177666518C43}"
EndProject
Global
	GlobalSection(SolutionConfigurationPlatforms) = preSolution
		Debug|Any CPU = Debug|Any CPU
		Release|Any CPU = Release|Any CPU
	EndGlobalSection
	GlobalSection(SolutionProperties) = preSolution
		HideSolutionNode = FALSE
	EndGlobalSection
	GlobalSection(ProjectConfigurationPlatforms) = postSolution
		{3A8ABFF4-E6E3-48C9-8D89-194F38A6BB85}.Debug|Any CPU.ActiveCfg = Debug|Any CPU
		{3A8ABFF4-E6E3-48C9-8D89-194F38A6BB85}.Debug|Any CPU.Build.0 = Debug|Any CPU
		{3A8ABFF4-E6E3-48C9-8D89-194F38A6BB85}.Release|Any CPU.ActiveCfg = Release|Any CPU
		{3A8ABFF4-E6E3-48C9-8D89-194F38A6BB85}.Release|Any CPU.Build.0 = Release|Any CPU
		{1B22FA5F-60CD-4D8B-918E-70FDAD8EFBF7}.Debug|Any CPU.ActiveCfg = Debug|Any CPU
		{1B22FA5F-60CD-4D8B-918E-70FDAD8EFBF7}.Debug|Any CPU.Build.0 = Debug|Any CPU
		{1B22FA5F-60CD-4D8B-918E-70FDAD8EFBF7}.Release|Any CPU.ActiveCfg = Release|Any CPU
		{1B22FA5F-60CD-4D8B-918E-70FDAD8EFBF7}.Release|Any CPU.Build.0 = Release|Any CPU
		{765D92EA-FCA8-419B-A0E9-7945AA6033A2}.Debug|Any CPU.ActiveCfg = Debug|Any CPU
		{765D92EA-FCA8-419B-A0E9-7945AA6033A2}.Debug|Any CPU.Build.0 = Debug|Any CPU
		{765D92EA-FCA8-419B-A0E9-7945AA6033A2}.Release|Any CPU.ActiveCfg = Release|Any CPU
		{765D92EA-FCA8-419B-A0E9-7945AA6033A2}.Release|Any CPU.Build.0 = Release|Any CPU
		{B2A69BBC-B114-435C-99BF-1A5E004DA8C7}.Debug|Any CPU.ActiveCfg = Debug|Any CPU
		{B2A69BBC-B114-435C-99BF-1A5E004DA8C7}.Debug|Any CPU.Build.0 = Debug|Any CPU
		{B2A69BBC-B114-435C-99BF-1A5E004DA8C7}.Release|Any CPU.ActiveCfg = Release|Any CPU
		{B2A69BBC-B114-435C-99BF-1A5E004DA8C7}.Release|Any CPU.Build.0 = Release|Any CPU
		{3C4B285A-9C0A-4996-AAED-7A5A6C061079}.Debug|Any CPU.ActiveCfg = Debug|Any CPU
		{3C4B285A-9C0A-4996-AAED-7A5A6C061079}.Debug|Any CPU.Build.0 = Debug|Any CPU
		{3C4B285A-9C0A-4996-AAED-7A5A6C061079}.Release|Any CPU.ActiveCfg = Release|Any CPU
		{3C4B285A-9C0A-4996-AAED-7A5A6C061079}.Release|Any CPU.Build.0 = Release|Any CPU
		{32BB8464-86EB-46A4-A04F-9A9868C6F6BC}.Debug|Any CPU.ActiveCfg = Debug|Any CPU
		{32BB8464-86EB-46A4-A04F-9A9868C6F6BC}.Debug|Any CPU.Build.0 = Debug|Any CPU
		{32BB8464-86EB-46A4-A04F-9A9868C6F6BC}.Release|Any CPU.ActiveCfg = Release|Any CPU
		{32BB8464-86EB-46A4-A04F-9A9868C6F6BC}.Release|Any CPU.Build.0 = Release|Any CPU
		{38F6D582-B07E-40C9-9917-61296452C58B}.Debug|Any CPU.ActiveCfg = Debug|Any CPU
		{38F6D582-B07E-40C9-9917-61296452C58B}.Debug|Any CPU.Build.0 = Debug|Any CPU
		{38F6D582-B07E-40C9-9917-61296452C58B}.Release|Any CPU.ActiveCfg = Release|Any CPU
		{38F6D582-B07E-40C9-9917-61296452C58B}.Release|Any CPU.Build.0 = Release|Any CPU
		{EB30A896-FABF-4CA9-A09A-D8DEF650A813}.Debug|Any CPU.ActiveCfg = Debug|Any CPU
		{EB30A896-FABF-4CA9-A09A-D8DEF650A813}.Debug|Any CPU.Build.0 = Debug|Any CPU
		{EB30A896-FABF-4CA9-A09A-D8DEF650A813}.Release|Any CPU.ActiveCfg = Release|Any CPU
		{EB30A896-FABF-4CA9-A09A-D8DEF650A813}.Release|Any CPU.Build.0 = Release|Any CPU
		{062E6158-0B42-4C5F-B778-73430D989AB0}.Debug|Any CPU.ActiveCfg = Debug|Any CPU
		{062E6158-0B42-4C5F-B778-73430D989AB0}.Debug|Any CPU.Build.0 = Debug|Any CPU
		{062E6158-0B42-4C5F-B778-73430D989AB0}.Release|Any CPU.ActiveCfg = Release|Any CPU
		{062E6158-0B42-4C5F-B778-73430D989AB0}.Release|Any CPU.Build.0 = Release|Any CPU
		{2E72C608-BE33-4C12-9A46-EBB7ABAD0FAB}.Debug|Any CPU.ActiveCfg = Debug|Any CPU
		{2E72C608-BE33-4C12-9A46-EBB7ABAD0FAB}.Debug|Any CPU.Build.0 = Debug|Any CPU
		{2E72C608-BE33-4C12-9A46-EBB7ABAD0FAB}.Release|Any CPU.ActiveCfg = Release|Any CPU
		{2E72C608-BE33-4C12-9A46-EBB7ABAD0FAB}.Release|Any CPU.Build.0 = Release|Any CPU
		{35B2EB17-8CEE-4C1B-AEA2-CFC337C57AB7}.Debug|Any CPU.ActiveCfg = Debug|Any CPU
		{35B2EB17-8CEE-4C1B-AEA2-CFC337C57AB7}.Debug|Any CPU.Build.0 = Debug|Any CPU
		{35B2EB17-8CEE-4C1B-AEA2-CFC337C57AB7}.Release|Any CPU.ActiveCfg = Release|Any CPU
		{35B2EB17-8CEE-4C1B-AEA2-CFC337C57AB7}.Release|Any CPU.Build.0 = Release|Any CPU
		{7CB4AF5C-F092-4293-81E0-A70781C3ADC1}.Debug|Any CPU.ActiveCfg = Debug|Any CPU
		{7CB4AF5C-F092-4293-81E0-A70781C3ADC1}.Debug|Any CPU.Build.0 = Debug|Any CPU
		{7CB4AF5C-F092-4293-81E0-A70781C3ADC1}.Release|Any CPU.ActiveCfg = Release|Any CPU
		{7CB4AF5C-F092-4293-81E0-A70781C3ADC1}.Release|Any CPU.Build.0 = Release|Any CPU
		{8F543F44-2005-4CA7-B3D3-84B4D1DDFEA7}.Debug|Any CPU.ActiveCfg = Debug|Any CPU
		{8F543F44-2005-4CA7-B3D3-84B4D1DDFEA7}.Debug|Any CPU.Build.0 = Debug|Any CPU
		{8F543F44-2005-4CA7-B3D3-84B4D1DDFEA7}.Release|Any CPU.ActiveCfg = Release|Any CPU
		{8F543F44-2005-4CA7-B3D3-84B4D1DDFEA7}.Release|Any CPU.Build.0 = Release|Any CPU
		{92A3A8F7-26CA-413F-BC2E-177666518C43}.Debug|Any CPU.ActiveCfg = Debug|Any CPU
		{92A3A8F7-26CA-413F-BC2E-177666518C43}.Debug|Any CPU.Build.0 = Debug|Any CPU
		{92A3A8F7-26CA-413F-BC2E-177666518C43}.Release|Any CPU.ActiveCfg = Release|Any CPU
		{92A3A8F7-26CA-413F-BC2E-177666518C43}.Release|Any CPU.Build.0 = Release|Any CPU
	EndGlobalSection
EndGlobal
