
Microsoft Visual Studio Solution File, Format Version 12.00
# Visual Studio Version 17
VisualStudioVersion = 17.0.31903.59
MinimumVisualStudioVersion = 10.0.40219.1
Project("{FAE04EC0-301F-11D3-BF4B-00C04F79EFBC}") = "Day1", "Day1\Day1.csproj", "{1B22FA5F-60CD-4D8B-918E-70FDAD8EFBF7}"
EndProject
Project("{FAE04EC0-301F-11D3-BF4B-00C04F79EFBC}") = "Day2", "Day2\Day2.csproj", "{765D92EA-FCA8-419B-A0E9-7945AA6033A2}"
EndProject
Project("{FAE04EC0-301F-11D3-BF4B-00C04F79EFBC}") = "Day3", "Day3\Day3.csproj", "{B2A69BBC-B114-435C-99BF-1A5E004DA8C7}"
EndProject
Project("{FAE04EC0-301F-11D3-BF4B-00C04F79EFBC}") = "Day4", "Day4\Day4.csproj", "{3C4B285A-9C0A-4996-AAED-7A5A6C061079}"
EndProject
Global
	GlobalSection(SolutionConfigurationPlatforms) = preSolution
		Debug|Any CPU = Debug|Any CPU
		Release|Any CPU = Release|Any CPU
	EndGlobalSection
	GlobalSection(SolutionProperties) = preSolution
		HideSolutionNode = FALSE
	EndGlobalSection
	GlobalSection(ProjectConfigurationPlatforms) = postSolution
		{3A8ABFF4-E6E3-48C9-8D89-194F38A6BB85}.Debug|Any CPU.ActiveCfg = Debug|Any CPU
		{3A8ABFF4-E6E3-48C9-8D89-194F38A6BB85}.Debug|Any CPU.Build.0 = Debug|Any CPU
		{3A8ABFF4-E6E3-48C9-8D89-194F38A6BB85}.Release|Any CPU.ActiveCfg = Release|Any CPU
		{3A8ABFF4-E6E3-48C9-8D89-194F38A6BB85}.Release|Any CPU.Build.0 = Release|Any CPU
		{1B22FA5F-60CD-4D8B-918E-70FDAD8EFBF7}.Debug|Any CPU.ActiveCfg = Debug|Any CPU
		{1B22FA5F-60CD-4D8B-918E-70FDAD8EFBF7}.Debug|Any CPU.Build.0 = Debug|Any CPU
		{1B22FA5F-60CD-4D8B-918E-70FDAD8EFBF7}.Release|Any CPU.ActiveCfg = Release|Any CPU
		{1B22FA5F-60CD-4D8B-918E-70FDAD8EFBF7}.Release|Any CPU.Build.0 = Release|Any CPU
		{765D92EA-FCA8-419B-A0E9-7945AA6033A2}.Debug|Any CPU.ActiveCfg = Debug|Any CPU
		{765D92EA-FCA8-419B-A0E9-7945AA6033A2}.Debug|Any CPU.Build.0 = Debug|Any CPU
		{765D92EA-FCA8-419B-A0E9-7945AA6033A2}.Release|Any CPU.ActiveCfg = Release|Any CPU
		{765D92EA-FCA8-419B-A0E9-7945AA6033A2}.Release|Any CPU.Build.0 = Release|Any CPU
		{B2A69BBC-B114-435C-99BF-1A5E004DA8C7}.Debug|Any CPU.ActiveCfg = Debug|Any CPU
		{B2A69BBC-B114-435C-99BF-1A5E004DA8C7}.Debug|Any CPU.Build.0 = Debug|Any CPU
		{B2A69BBC-B114-435C-99BF-1A5E004DA8C7}.Release|Any CPU.ActiveCfg = Release|Any CPU
		{B2A69BBC-B114-435C-99BF-1A5E004DA8C7}.Release|Any CPU.Build.0 = Release|Any CPU
		{3C4B285A-9C0A-4996-AAED-7A5A6C061079}.Debug|Any CPU.ActiveCfg = Debug|Any CPU
		{3C4B285A-9C0A-4996-AAED-7A5A6C061079}.Debug|Any CPU.Build.0 = Debug|Any CPU
		{3C4B285A-9C0A-4996-AAED-7A5A6C061079}.Release|Any CPU.ActiveCfg = Release|Any CPU
		{3C4B285A-9C0A-4996-AAED-7A5A6C061079}.Release|Any CPU.Build.0 = Release|Any CPU
	EndGlobalSection
EndGlobal
